// !$*UTF8*$!
{
	archiveVersion = 1;
	classes = {
	};
	objectVersion = 48;
	objects = {

/* Begin PBXBuildFile section */
		D65EE43B20CB2192004390F9 /* AppDelegate.swift in Sources */ = {isa = PBXBuildFile; fileRef = D65EE43A20CB2192004390F9 /* AppDelegate.swift */; };
		D65EE43D20CB2192004390F9 /* ViewController.swift in Sources */ = {isa = PBXBuildFile; fileRef = D65EE43C20CB2192004390F9 /* ViewController.swift */; };
		D65EE44020CB2192004390F9 /* Main.storyboard in Resources */ = {isa = PBXBuildFile; fileRef = D65EE43E20CB2192004390F9 /* Main.storyboard */; };
		D65EE44220CB2192004390F9 /* Assets.xcassets in Resources */ = {isa = PBXBuildFile; fileRef = D65EE44120CB2192004390F9 /* Assets.xcassets */; };
		D65EE44520CB2192004390F9 /* LaunchScreen.storyboard in Resources */ = {isa = PBXBuildFile; fileRef = D65EE44320CB2192004390F9 /* LaunchScreen.storyboard */; };
		D65EE44D20CB24B4004390F9 /* LoginViewModel.swift in Sources */ = {isa = PBXBuildFile; fileRef = D65EE44C20CB24B4004390F9 /* LoginViewModel.swift */; };
		F2285783420DFE95E638BF61 /* Pods_RxLoginValidator.framework in Frameworks */ = {isa = PBXBuildFile; fileRef = 08CC6D79029F6FF48CAC104A /* Pods_RxLoginValidator.framework */; };
/* End PBXBuildFile section */

/* Begin PBXFileReference section */
		08CC6D79029F6FF48CAC104A /* Pods_RxLoginValidator.framework */ = {isa = PBXFileReference; explicitFileType = wrapper.framework; includeInIndex = 0; path = Pods_RxLoginValidator.framework; sourceTree = BUILT_PRODUCTS_DIR; };
		AAFE701060905ED765B5C7DD /* Pods-RxLoginValidator.debug.xcconfig */ = {isa = PBXFileReference; includeInIndex = 1; lastKnownFileType = text.xcconfig; name = "Pods-RxLoginValidator.debug.xcconfig"; path = "Pods/Target Support Files/Pods-RxLoginValidator/Pods-RxLoginValidator.debug.xcconfig"; sourceTree = "<group>"; };
		D65EE43720CB2192004390F9 /* RxLoginValidator.app */ = {isa = PBXFileReference; explicitFileType = wrapper.application; includeInIndex = 0; path = RxLoginValidator.app; sourceTree = BUILT_PRODUCTS_DIR; };
		D65EE43A20CB2192004390F9 /* AppDelegate.swift */ = {isa = PBXFileReference; lastKnownFileType = sourcecode.swift; path = AppDelegate.swift; sourceTree = "<group>"; };
		D65EE43C20CB2192004390F9 /* ViewController.swift */ = {isa = PBXFileReference; lastKnownFileType = sourcecode.swift; path = ViewController.swift; sourceTree = "<group>"; };
		D65EE43F20CB2192004390F9 /* Base */ = {isa = PBXFileReference; lastKnownFileType = file.storyboard; name = Base; path = Base.lproj/Main.storyboard; sourceTree = "<group>"; };
		D65EE44120CB2192004390F9 /* Assets.xcassets */ = {isa = PBXFileReference; lastKnownFileType = folder.assetcatalog; path = Assets.xcassets; sourceTree = "<group>"; };
		D65EE44420CB2192004390F9 /* Base */ = {isa = PBXFileReference; lastKnownFileType = file.storyboard; name = Base; path = Base.lproj/LaunchScreen.storyboard; sourceTree = "<group>"; };
		D65EE44620CB2192004390F9 /* Info.plist */ = {isa = PBXFileReference; lastKnownFileType = text.plist.xml; path = Info.plist; sourceTree = "<group>"; };
		D65EE44C20CB24B4004390F9 /* LoginViewModel.swift */ = {isa = PBXFileReference; lastKnownFileType = sourcecode.swift; path = LoginViewModel.swift; sourceTree = "<group>"; };
		EA42EFB264FA06531422AF76 /* Pods-RxLoginValidator.release.xcconfig */ = {isa = PBXFileReference; includeInIndex = 1; lastKnownFileType = text.xcconfig; name = "Pods-RxLoginValidator.release.xcconfig"; path = "Pods/Target Support Files/Pods-RxLoginValidator/Pods-RxLoginValidator.release.xcconfig"; sourceTree = "<group>"; };
/* End PBXFileReference section */

/* Begin PBXFrameworksBuildPhase section */
		D65EE43420CB2192004390F9 /* Frameworks */ = {
			isa = PBXFrameworksBuildPhase;
			buildActionMask = 2147483647;
			files = (
				F2285783420DFE95E638BF61 /* Pods_RxLoginValidator.framework in Frameworks */,
			);
			runOnlyForDeploymentPostprocessing = 0;
		};
/* End PBXFrameworksBuildPhase section */

/* Begin PBXGroup section */
		5B2B5FED508F3F8B145CCDC1 /* Frameworks */ = {
			isa = PBXGroup;
			children = (
				08CC6D79029F6FF48CAC104A /* Pods_RxLoginValidator.framework */,
			);
			name = Frameworks;
			sourceTree = "<group>";
		};
		5CF43CC8226708144ADFC973 /* Pods */ = {
			isa = PBXGroup;
			children = (
				AAFE701060905ED765B5C7DD /* Pods-RxLoginValidator.debug.xcconfig */,
				EA42EFB264FA06531422AF76 /* Pods-RxLoginValidator.release.xcconfig */,
			);
			name = Pods;
			sourceTree = "<group>";
		};
		D65EE42E20CB2192004390F9 = {
			isa = PBXGroup;
			children = (
				D65EE43920CB2192004390F9 /* RxLoginValidator */,
				D65EE43820CB2192004390F9 /* Products */,
				5CF43CC8226708144ADFC973 /* Pods */,
				5B2B5FED508F3F8B145CCDC1 /* Frameworks */,
			);
			sourceTree = "<group>";
		};
		D65EE43820CB2192004390F9 /* Products */ = {
			isa = PBXGroup;
			children = (
				D65EE43720CB2192004390F9 /* RxLoginValidator.app */,
			);
			name = Products;
			sourceTree = "<group>";
		};
		D65EE43920CB2192004390F9 /* RxLoginValidator */ = {
			isa = PBXGroup;
			children = (
				D65EE43A20CB2192004390F9 /* AppDelegate.swift */,
				D65EE43C20CB2192004390F9 /* ViewController.swift */,
				D65EE44C20CB24B4004390F9 /* LoginViewModel.swift */,
				D65EE43E20CB2192004390F9 /* Main.storyboard */,
				D65EE44120CB2192004390F9 /* Assets.xcassets */,
				D65EE44320CB2192004390F9 /* LaunchScreen.storyboard */,
				D65EE44620CB2192004390F9 /* Info.plist */,
			);
			path = RxLoginValidator;
			sourceTree = "<group>";
		};
/* End PBXGroup section */

/* Begin PBXNativeTarget section */
		D65EE43620CB2192004390F9 /* RxLoginValidator */ = {
			isa = PBXNativeTarget;
			buildConfigurationList = D65EE44920CB2192004390F9 /* Build configuration list for PBXNativeTarget "RxLoginValidator" */;
			buildPhases = (
				22BD3454EA4A23AB1FE63943 /* [CP] Check Pods Manifest.lock */,
				D65EE43320CB2192004390F9 /* Sources */,
				D65EE43420CB2192004390F9 /* Frameworks */,
				D65EE43520CB2192004390F9 /* Resources */,
				333DC19AF2F7CED65F1ECB21 /* [CP] Embed Pods Frameworks */,
				F91F79532C7F7E74E7909EC1 /* [CP] Copy Pods Resources */,
			);
			buildRules = (
			);
			dependencies = (
			);
			name = RxLoginValidator;
			productName = RxLoginValidator;
			productReference = D65EE43720CB2192004390F9 /* RxLoginValidator.app */;
			productType = "com.apple.product-type.application";
		};
/* End PBXNativeTarget section */

/* Begin PBXProject section */
		D65EE42F20CB2192004390F9 /* Project object */ = {
			isa = PBXProject;
			attributes = {
				LastSwiftUpdateCheck = 0900;
				LastUpgradeCheck = 0900;
				ORGANIZATIONNAME = None;
				TargetAttributes = {
					D65EE43620CB2192004390F9 = {
						CreatedOnToolsVersion = 9.0.1;
						ProvisioningStyle = Automatic;
					};
				};
			};
			buildConfigurationList = D65EE43220CB2192004390F9 /* Build configuration list for PBXProject "RxLoginValidator" */;
			compatibilityVersion = "Xcode 8.0";
			developmentRegion = en;
			hasScannedForEncodings = 0;
			knownRegions = (
				en,
				Base,
			);
			mainGroup = D65EE42E20CB2192004390F9;
			productRefGroup = D65EE43820CB2192004390F9 /* Products */;
			projectDirPath = "";
			projectRoot = "";
			targets = (
				D65EE43620CB2192004390F9 /* RxLoginValidator */,
			);
		};
/* End PBXProject section */

/* Begin PBXResourcesBuildPhase section */
		D65EE43520CB2192004390F9 /* Resources */ = {
			isa = PBXResourcesBuildPhase;
			buildActionMask = 2147483647;
			files = (
				D65EE44520CB2192004390F9 /* LaunchScreen.storyboard in Resources */,
				D65EE44220CB2192004390F9 /* Assets.xcassets in Resources */,
				D65EE44020CB2192004390F9 /* Main.storyboard in Resources */,
			);
			runOnlyForDeploymentPostprocessing = 0;
		};
/* End PBXResourcesBuildPhase section */

/* Begin PBXShellScriptBuildPhase section */
		22BD3454EA4A23AB1FE63943 /* [CP] Check Pods Manifest.lock */ = {
			isa = PBXShellScriptBuildPhase;
			buildActionMask = 2147483647;
			files = (
			);
			inputPaths = (
			);
			name = "[CP] Check Pods Manifest.lock";
			outputPaths = (
			);
			runOnlyForDeploymentPostprocessing = 0;
			shellPath = /bin/sh;
			shellScript = "diff \"${PODS_ROOT}/../Podfile.lock\" \"${PODS_ROOT}/Manifest.lock\" > /dev/null\nif [ $? != 0 ] ; then\n    # print error to STDERR\n    echo \"error: The sandbox is not in sync with the Podfile.lock. Run 'pod install' or update your CocoaPods installation.\" >&2\n    exit 1\nfi\n";
			showEnvVarsInLog = 0;
		};
		333DC19AF2F7CED65F1ECB21 /* [CP] Embed Pods Frameworks */ = {
			isa = PBXShellScriptBuildPhase;
			buildActionMask = 2147483647;
			files = (
			);
			inputPaths = (
			);
			name = "[CP] Embed Pods Frameworks";
			outputPaths = (
			);
			runOnlyForDeploymentPostprocessing = 0;
			shellPath = /bin/sh;
			shellScript = "\"${SRCROOT}/Pods/Target Support Files/Pods-RxLoginValidator/Pods-RxLoginValidator-frameworks.sh\"\n";
			showEnvVarsInLog = 0;
		};
		F91F79532C7F7E74E7909EC1 /* [CP] Copy Pods Resources */ = {
			isa = PBXShellScriptBuildPhase;
			buildActionMask = 2147483647;
			files = (
			);
			inputPaths = (
			);
			name = "[CP] Copy Pods Resources";
			outputPaths = (
			);
			runOnlyForDeploymentPostprocessing = 0;
			shellPath = /bin/sh;
			shellScript = "\"${SRCROOT}/Pods/Target Support Files/Pods-RxLoginValidator/Pods-RxLoginValidator-resources.sh\"\n";
			showEnvVarsInLog = 0;
		};
/* End PBXShellScriptBuildPhase section */

/* Begin PBXSourcesBuildPhase section */
		D65EE43320CB2192004390F9 /* Sources */ = {
			isa = PBXSourcesBuildPhase;
			buildActionMask = 2147483647;
			files = (
				D65EE43D20CB2192004390F9 /* ViewController.swift in Sources */,
				D65EE43B20CB2192004390F9 /* AppDelegate.swift in Sources */,
				D65EE44D20CB24B4004390F9 /* LoginViewModel.swift in Sources */,
			);
			runOnlyForDeploymentPostprocessing = 0;
		};
/* End PBXSourcesBuildPhase section */

/* Begin PBXVariantGroup section */
		D65EE43E20CB2192004390F9 /* Main.storyboard */ = {
			isa = PBXVariantGroup;
			children = (
				D65EE43F20CB2192004390F9 /* Base */,
			);
			name = Main.storyboard;
			sourceTree = "<group>";
		};
		D65EE44320CB2192004390F9 /* LaunchScreen.storyboard */ = {
			isa = PBXVariantGroup;
			children = (
				D65EE44420CB2192004390F9 /* Base */,
			);
			name = LaunchScreen.storyboard;
			sourceTree = "<group>";
		};
/* End PBXVariantGroup section */

/* Begin XCBuildConfiguration section */
		D65EE44720CB2192004390F9 /* Debug */ = {
			isa = XCBuildConfiguration;
			buildSettings = {
				ALWAYS_SEARCH_USER_PATHS = NO;
				CLANG_ANALYZER_NONNULL = YES;
				CLANG_ANALYZER_NUMBER_OBJECT_CONVERSION = YES_AGGRESSIVE;
				CLANG_CXX_LANGUAGE_STANDARD = "gnu++14";
				CLANG_CXX_LIBRARY = "libc++";
				CLANG_ENABLE_MODULES = YES;
				CLANG_ENABLE_OBJC_ARC = YES;
				CLANG_WARN_BLOCK_CAPTURE_AUTORELEASING = YES;
				CLANG_WARN_BOOL_CONVERSION = YES;
				CLANG_WARN_COMMA = YES;
				CLANG_WARN_CONSTANT_CONVERSION = YES;
				CLANG_WARN_DIRECT_OBJC_ISA_USAGE = YES_ERROR;
				CLANG_WARN_DOCUMENTATION_COMMENTS = YES;
				CLANG_WARN_EMPTY_BODY = YES;
				CLANG_WARN_ENUM_CONVERSION = YES;
				CLANG_WARN_INFINITE_RECURSION = YES;
				CLANG_WARN_INT_CONVERSION = YES;
				CLANG_WARN_NON_LITERAL_NULL_CONVERSION = YES;
				CLANG_WARN_OBJC_LITERAL_CONVERSION = YES;
				CLANG_WARN_OBJC_ROOT_CLASS = YES_ERROR;
				CLANG_WARN_RANGE_LOOP_ANALYSIS = YES;
				CLANG_WARN_STRICT_PROTOTYPES = YES;
				CLANG_WARN_SUSPICIOUS_MOVE = YES;
				CLANG_WARN_UNGUARDED_AVAILABILITY = YES_AGGRESSIVE;
				CLANG_WARN_UNREACHABLE_CODE = YES;
				CLANG_WARN__DUPLICATE_METHOD_MATCH = YES;
				CODE_SIGN_IDENTITY = "iPhone Developer";
				COPY_PHASE_STRIP = NO;
				DEBUG_INFORMATION_FORMAT = dwarf;
				ENABLE_STRICT_OBJC_MSGSEND = YES;
				ENABLE_TESTABILITY = YES;
				GCC_C_LANGUAGE_STANDARD = gnu11;
				GCC_DYNAMIC_NO_PIC = NO;
				GCC_NO_COMMON_BLOCKS = YES;
				GCC_OPTIMIZATION_LEVEL = 0;
				GCC_PREPROCESSOR_DEFINITIONS = (
					"DEBUG=1",
					"$(inherited)",
				);
				GCC_WARN_64_TO_32_BIT_CONVERSION = YES;
				GCC_WARN_ABOUT_RETURN_TYPE = YES_ERROR;
				GCC_WARN_UNDECLARED_SELECTOR = YES;
				GCC_WARN_UNINITIALIZED_AUTOS = YES_AGGRESSIVE;
				GCC_WARN_UNUSED_FUNCTION = YES;
				GCC_WARN_UNUSED_VARIABLE = YES;
				IPHONEOS_DEPLOYMENT_TARGET = 11.0;
				MTL_ENABLE_DEBUG_INFO = YES;
				ONLY_ACTIVE_ARCH = YES;
				SDKROOT = iphoneos;
				SWIFT_ACTIVE_COMPILATION_CONDITIONS = DEBUG;
				SWIFT_OPTIMIZATION_LEVEL = "-Onone";
			};
			name = Debug;
		};
		D65EE44820CB2192004390F9 /* Release */ = {
			isa = XCBuildConfiguration;
			buildSettings = {
				ALWAYS_SEARCH_USER_PATHS = NO;
				CLANG_ANALYZER_NONNULL = YES;
				CLANG_ANALYZER_NUMBER_OBJECT_CONVERSION = YES_AGGRESSIVE;
				CLANG_CXX_LANGUAGE_STANDARD = "gnu++14";
				CLANG_CXX_LIBRARY = "libc++";
				CLANG_ENABLE_MODULES = YES;
				CLANG_ENABLE_OBJC_ARC = YES;
				CLANG_WARN_BLOCK_CAPTURE_AUTORELEASING = YES;
				CLANG_WARN_BOOL_CONVERSION = YES;
				CLANG_WARN_COMMA = YES;
				CLANG_WARN_CONSTANT_CONVERSION = YES;
				CLANG_WARN_DIRECT_OBJC_ISA_USAGE = YES_ERROR;
				CLANG_WARN_DOCUMENTATION_COMMENTS = YES;
				CLANG_WARN_EMPTY_BODY = YES;
				CLANG_WARN_ENUM_CONVERSION = YES;
				CLANG_WARN_INFINITE_RECURSION = YES;
				CLANG_WARN_INT_CONVERSION = YES;
				CLANG_WARN_NON_LITERAL_NULL_CONVERSION = YES;
				CLANG_WARN_OBJC_LITERAL_CONVERSION = YES;
				CLANG_WARN_OBJC_ROOT_CLASS = YES_ERROR;
				CLANG_WARN_RANGE_LOOP_ANALYSIS = YES;
				CLANG_WARN_STRICT_PROTOTYPES = YES;
				CLANG_WARN_SUSPICIOUS_MOVE = YES;
				CLANG_WARN_UNGUARDED_AVAILABILITY = YES_AGGRESSIVE;
				CLANG_WARN_UNREACHABLE_CODE = YES;
				CLANG_WARN__DUPLICATE_METHOD_MATCH = YES;
				CODE_SIGN_IDENTITY = "iPhone Developer";
				COPY_PHASE_STRIP = NO;
				DEBUG_INFORMATION_FORMAT = "dwarf-with-dsym";
				ENABLE_NS_ASSERTIONS = NO;
				ENABLE_STRICT_OBJC_MSGSEND = YES;
				GCC_C_LANGUAGE_STANDARD = gnu11;
				GCC_NO_COMMON_BLOCKS = YES;
				GCC_WARN_64_TO_32_BIT_CONVERSION = YES;
				GCC_WARN_ABOUT_RETURN_TYPE = YES_ERROR;
				GCC_WARN_UNDECLARED_SELECTOR = YES;
				GCC_WARN_UNINITIALIZED_AUTOS = YES_AGGRESSIVE;
				GCC_WARN_UNUSED_FUNCTION = YES;
				GCC_WARN_UNUSED_VARIABLE = YES;
				IPHONEOS_DEPLOYMENT_TARGET = 11.0;
				MTL_ENABLE_DEBUG_INFO = NO;
				SDKROOT = iphoneos;
				SWIFT_OPTIMIZATION_LEVEL = "-Owholemodule";
				VALIDATE_PRODUCT = YES;
			};
			name = Release;
		};
		D65EE44A20CB2192004390F9 /* Debug */ = {
			isa = XCBuildConfiguration;
			baseConfigurationReference = AAFE701060905ED765B5C7DD /* Pods-RxLoginValidator.debug.xcconfig */;
			buildSettings = {
				ASSETCATALOG_COMPILER_APPICON_NAME = AppIcon;
				CODE_SIGN_STYLE = Automatic;
				INFOPLIST_FILE = RxLoginValidator/Info.plist;
				LD_RUNPATH_SEARCH_PATHS = "$(inherited) @executable_path/Frameworks";
				PRODUCT_BUNDLE_IDENTIFIER = None.RxLoginValidator;
				PRODUCT_NAME = "$(TARGET_NAME)";
				SWIFT_VERSION = 4.0;
				TARGETED_DEVICE_FAMILY = "1,2";
			};
			name = Debug;
		};
		D65EE44B20CB2192004390F9 /* Release */ = {
			isa = XCBuildConfiguration;
			baseConfigurationReference = EA42EFB264FA06531422AF76 /* Pods-RxLoginValidator.release.xcconfig */;
			buildSettings = {
				ASSETCATALOG_COMPILER_APPICON_NAME = AppIcon;
				CODE_SIGN_STYLE = Automatic;
				INFOPLIST_FILE = RxLoginValidator/Info.plist;
				LD_RUNPATH_SEARCH_PATHS = "$(inherited) @executable_path/Frameworks";
				PRODUCT_BUNDLE_IDENTIFIER = None.RxLoginValidator;
				PRODUCT_NAME = "$(TARGET_NAME)";
				SWIFT_VERSION = 4.0;
				TARGETED_DEVICE_FAMILY = "1,2";
			};
			name = Release;
		};
/* End XCBuildConfiguration section */

/* Begin XCConfigurationList section */
		D65EE43220CB2192004390F9 /* Build configuration list for PBXProject "RxLoginValidator" */ = {
			isa = XCConfigurationList;
			buildConfigurations = (
				D65EE44720CB2192004390F9 /* Debug */,
				D65EE44820CB2192004390F9 /* Release */,
			);
			defaultConfigurationIsVisible = 0;
			defaultConfigurationName = Release;
		};
		D65EE44920CB2192004390F9 /* Build configuration list for PBXNativeTarget "RxLoginValidator" */ = {
			isa = XCConfigurationList;
			buildConfigurations = (
				D65EE44A20CB2192004390F9 /* Debug */,
				D65EE44B20CB2192004390F9 /* Release */,
			);
			defaultConfigurationIsVisible = 0;
			defaultConfigurationName = Release;
		};
/* End XCConfigurationList section */
	};
	rootObject = D65EE42F20CB2192004390F9 /* Project object */;
}
